# This file is generated by running "yarn install" inside your project.
# Manual changes might be lost - proceed with caution!

__metadata:
  version: 4
  cacheKey: 7

"chevrotain@npm:6.5.0":
  version: 6.5.0
  resolution: "chevrotain@npm:6.5.0"
  dependencies:
    regexp-to-ast: 0.4.0
  checksum: f8473ac9c12f645548bc92829d4f27e9ce1eb0071d514f8a6da88f5c9fe6f4eab8d9a1e43072ac85f78012573a2165a700be2d4e2c084b30fba6a4cdb6e90dbc
  languageName: node
  linkType: hard

"frc-2020-infinite-recharge@workspace:.":
  version: 0.0.0-use.local
  resolution: "frc-2020-infinite-recharge@workspace:."
  dependencies:
    prettier: 2.2.0
    prettier-plugin-java: 0.8.3
  languageName: unknown
  linkType: soft

"java-parser@npm:0.8.2":
  version: 0.8.2
  resolution: "java-parser@npm:0.8.2"
  dependencies:
    chevrotain: 6.5.0
    lodash: 4.17.20
  checksum: 8cb2a0413067a3e67a786477d55bf28013618c30b33d952e63932ee799795bf2ac75462220046a1f1b0810a96c75cc242cc5b8030baf4c2a284671f15394fa1e
  languageName: node
  linkType: hard

"lodash@npm:4.17.20":
  version: 4.17.20
  resolution: "lodash@npm:4.17.20"
  checksum: c62101d2500c383b5f174a7e9e6fe8098149ddd6e9ccfa85f36d4789446195f5c4afd3cfba433026bcaf3da271256566b04a2bf2618e5a39f6e67f8c12030cb6
  languageName: node
  linkType: hard

"prettier-plugin-java@npm:0.8.3":
  version: 0.8.3
  resolution: "prettier-plugin-java@npm:0.8.3"
  dependencies:
    java-parser: 0.8.2
    lodash: 4.17.20
    prettier: 2.1.1
  checksum: 8eb4085e5a87970c862429caa25449177759de22c31a583d25e6c8e16a07a367aadcdd91fe4f8fb9932f5d527e994f3cce719ee5fa1aca7e952e5a2bba325edb
  languageName: node
  linkType: hard

"prettier@npm:2.1.1":
  version: 2.1.1
  resolution: "prettier@npm:2.1.1"
  bin:
    prettier: bin-prettier.js
  checksum: 420a807cda2d482388daa42379a7aaa1be629cb71f5792362a971a5ed1c6ff377d2e311818d24e9390a4a8a6eac3fda9ebe6975f2168efec893790c0497d8a93
  languageName: node
  linkType: hard

"prettier@npm:2.2.0":
  version: 2.2.0
  resolution: "prettier@npm:2.2.0"
  bin:
    prettier: bin-prettier.js
  checksum: fe7e2ac725d3b067204700c5fcee415a90e1c1ab01735a7748bce791db61a3242939a032bfe5f8faa2c054571f4e9bac266b766e483648511af72f69fb041a6c
  languageName: node
  linkType: hard

"regexp-to-ast@npm:0.4.0":
  version: 0.4.0
  resolution: "regexp-to-ast@npm:0.4.0"
  checksum: 93047971451f70fb24836cc5175fa738f484a2b077b409eb29141bc2d20ff6c25f8724c21432e91f1d3b112372c354ade709b5ce2bc29c1d2e52e879f198b49c
  languageName: node
  linkType: hard
