# This file is generated by running "yarn install" inside your project.
# Manual changes might be lost - proceed with caution!

__metadata:
  version: 4

"chevrotain@npm:6.5.0":
  version: 6.5.0
  resolution: "chevrotain@npm:6.5.0"
  dependencies:
    regexp-to-ast: 0.4.0
  checksum: 2/f8473ac9c12f645548bc92829d4f27e9ce1eb0071d514f8a6da88f5c9fe6f4eab8d9a1e43072ac85f78012573a2165a700be2d4e2c084b30fba6a4cdb6e90dbc
  languageName: node
  linkType: hard

"frc-2020-infinite-recharge@workspace:.":
  version: 0.0.0-use.local
  resolution: "frc-2020-infinite-recharge@workspace:."
  dependencies:
    prettier: 2.0.4
    prettier-plugin-java: 0.7.1
  languageName: unknown
  linkType: soft

"java-parser@npm:^0.7.1":
  version: 0.7.1
  resolution: "java-parser@npm:0.7.1"
  dependencies:
    chevrotain: 6.5.0
    lodash: 4.17.15
  checksum: 2/731321ba0849057f141ffd11b073317230a48c786f72791a8aa9e68374e613f2d34b2d1699aef49e7312eacf4c53d1a5c14382691377b8ed0a71f82b4646dc32
  languageName: node
  linkType: hard

"lodash@npm:4.17.15":
  version: 4.17.15
  resolution: "lodash@npm:4.17.15"
  checksum: 2/aec3fbb7570aa67bda500b8299b1b1821d60646bede87f76a74dfcc7666ab3445267d734ec71424d70809d52ad67a1356fab5ab694a3faa1908d68e9d48f00f5
  languageName: node
  linkType: hard

"prettier-plugin-java@npm:0.7.1":
  version: 0.7.1
  resolution: "prettier-plugin-java@npm:0.7.1"
  dependencies:
    java-parser: ^0.7.1
    lodash: 4.17.15
    prettier: 1.19.1
  checksum: 2/5039a2749987da0e736c5fd833aa86893e7191a494b60fbba607b4bca2594310cfdfdee9a971fb108fcb28f00e82d29f5d00dfb1c058daab542d0ab649fbb381
  languageName: node
  linkType: hard

"prettier@npm:1.19.1":
  version: 1.19.1
  resolution: "prettier@npm:1.19.1"
  bin:
    prettier: ./bin-prettier.js
  checksum: 2/e5fcdfe5e159ef5c5480245353cf8fb5bbd1b8afff266f31f281641825238f8a645e58472f77cd75a09ccc45d44c335466e8d901ec138c2bda05e1bd6ea1077c
  languageName: node
  linkType: hard

"prettier@npm:2.0.4":
  version: 2.0.4
  resolution: "prettier@npm:2.0.4"
  bin:
    prettier: bin-prettier.js
  checksum: 2/a43343ac00250ce239439a723e5b0860a46e4703542b925c962d8c3dfceab1f69a326ba4c8de2f24ad39c4daef07831439b0b237cda9c63e4981164075e7dc5a
  languageName: node
  linkType: hard

"regexp-to-ast@npm:0.4.0":
  version: 0.4.0
  resolution: "regexp-to-ast@npm:0.4.0"
  checksum: 2/93047971451f70fb24836cc5175fa738f484a2b077b409eb29141bc2d20ff6c25f8724c21432e91f1d3b112372c354ade709b5ce2bc29c1d2e52e879f198b49c
  languageName: node
  linkType: hard
