# This file is generated by running "yarn install" inside your project.
# Manual changes might be lost - proceed with caution!

__metadata:
  version: 4
  cacheKey: 7

"chevrotain@npm:6.5.0":
  version: 6.5.0
  resolution: "chevrotain@npm:6.5.0"
  dependencies:
    regexp-to-ast: 0.4.0
  checksum: f8473ac9c12f645548bc92829d4f27e9ce1eb0071d514f8a6da88f5c9fe6f4eab8d9a1e43072ac85f78012573a2165a700be2d4e2c084b30fba6a4cdb6e90dbc
  languageName: node
  linkType: hard

"frc-2020-infinite-recharge@workspace:.":
  version: 0.0.0-use.local
  resolution: "frc-2020-infinite-recharge@workspace:."
  dependencies:
    prettier: 2.2.0
    prettier-plugin-java: 1.0.0
  languageName: unknown
  linkType: soft

"java-parser@npm:1.0.0":
  version: 1.0.0
  resolution: "java-parser@npm:1.0.0"
  dependencies:
    chevrotain: 6.5.0
    lodash: 4.17.20
  checksum: 839401593e977608888c720c18d7fdfdee5082d56b54f0429ced84c504a8b135412cbf1fdc7cc85189c3a1194c93e310192a7d9be061c920b409d275ce4bf3d1
  languageName: node
  linkType: hard

"lodash@npm:4.17.20":
  version: 4.17.20
  resolution: "lodash@npm:4.17.20"
  checksum: c62101d2500c383b5f174a7e9e6fe8098149ddd6e9ccfa85f36d4789446195f5c4afd3cfba433026bcaf3da271256566b04a2bf2618e5a39f6e67f8c12030cb6
  languageName: node
  linkType: hard

"prettier-plugin-java@npm:1.0.0":
  version: 1.0.0
  resolution: "prettier-plugin-java@npm:1.0.0"
  dependencies:
    java-parser: 1.0.0
    lodash: 4.17.20
    prettier: 2.2.0
  checksum: e99a548fadc0fad86c53b5ab79eaf6a92bb582781020875fd803c611441f999fa681ae75d65924f6b0d118dfb2522d98092612c0f75991789f7dacc17bdd1105
  languageName: node
  linkType: hard

"prettier@npm:2.2.0":
  version: 2.2.0
  resolution: "prettier@npm:2.2.0"
  bin:
    prettier: bin-prettier.js
  checksum: fe7e2ac725d3b067204700c5fcee415a90e1c1ab01735a7748bce791db61a3242939a032bfe5f8faa2c054571f4e9bac266b766e483648511af72f69fb041a6c
  languageName: node
  linkType: hard

"regexp-to-ast@npm:0.4.0":
  version: 0.4.0
  resolution: "regexp-to-ast@npm:0.4.0"
  checksum: 93047971451f70fb24836cc5175fa738f484a2b077b409eb29141bc2d20ff6c25f8724c21432e91f1d3b112372c354ade709b5ce2bc29c1d2e52e879f198b49c
  languageName: node
  linkType: hard
